
Microsoft Visual Studio Solution File, Format Version 12.00
# Visual Studio 2012
Project("{E24C65DC-7377-472B-9ABA-BC803B73C61A}") = "project_lab6(1)", "http://localhost:1349", "{91B913CA-A43A-4853-AFB7-67DD3D8CAE10}"
	ProjectSection(WebsiteProperties) = preProject
		UseIISExpress = "true"
		TargetFrameworkMoniker = ".NETFramework,Version%3Dv4.5"
		Debug.AspNetCompiler.VirtualPath = "/localhost_1349"
		Debug.AspNetCompiler.PhysicalPath = "..\..\..\..\Desktop\lab6\project_lab6\"
		Debug.AspNetCompiler.TargetPath = "PrecompiledWeb\localhost_1349\"
		Debug.AspNetCompiler.Updateable = "true"
		Debug.AspNetCompiler.ForceOverwrite = "true"
		Debug.AspNetCompiler.FixedNames = "false"
		Debug.AspNetCompiler.Debug = "True"
		Release.AspNetCompiler.VirtualPath = "/localhost_1349"
		Release.AspNetCompiler.PhysicalPath = "..\..\..\..\Desktop\lab6\project_lab6\"
		Release.AspNetCompiler.TargetPath = "PrecompiledWeb\localhost_1349\"
		Release.AspNetCompiler.Updateable = "true"
		Release.AspNetCompiler.ForceOverwrite = "true"
		Release.AspNetCompiler.FixedNames = "false"
		Release.AspNetCompiler.Debug = "False"
		SlnRelativePath = "..\..\..\..\Desktop\lab6\project_lab6\"
		DefaultWebSiteLanguage = "Visual C#"
	EndProjectSection
EndProject
Global
	GlobalSection(SolutionConfigurationPlatforms) = preSolution
		Debug|Any CPU = Debug|Any CPU
	EndGlobalSection
	GlobalSection(ProjectConfigurationPlatforms) = postSolution
		{91B913CA-A43A-4853-AFB7-67DD3D8CAE10}.Debug|Any CPU.ActiveCfg = Debug|Any CPU
		{91B913CA-A43A-4853-AFB7-67DD3D8CAE10}.Debug|Any CPU.Build.0 = Debug|Any CPU
	EndGlobalSection
	GlobalSection(SolutionProperties) = preSolution
		HideSolutionNode = FALSE
	EndGlobalSection
EndGlobal
